
Microsoft Visual Studio Solution File, Format Version 12.00
# Visual Studio Version 17
VisualStudioVersion = 17.13.35825.156 d17.13
MinimumVisualStudioVersion = 10.0.40219.1
Project("{FAE04EC0-301F-11D3-BF4B-00C04F79EFBC}") = "Hello Aptech", "Hello Aptech\Hello Aptech.csproj", "{A391A5A6-8CDE-434D-B3B4-A98E0A8B3BB7}"
EndProject
Global
	GlobalSection(SolutionConfigurationPlatforms) = preSolution
		Debug|Any CPU = Debug|Any CPU
		Release|Any CPU = Release|Any CPU
	EndGlobalSection
	GlobalSection(ProjectConfigurationPlatforms) = postSolution
		{A391A5A6-8CDE-434D-B3B4-A98E0A8B3BB7}.Debug|Any CPU.ActiveCfg = Debug|Any CPU
		{A391A5A6-8CDE-434D-B3B4-A98E0A8B3BB7}.Debug|Any CPU.Build.0 = Debug|Any CPU
		{A391A5A6-8CDE-434D-B3B4-A98E0A8B3BB7}.Release|Any CPU.ActiveCfg = Release|Any CPU
		{A391A5A6-8CDE-434D-B3B4-A98E0A8B3BB7}.Release|Any CPU.Build.0 = Release|Any CPU
	EndGlobalSection
	GlobalSection(SolutionProperties) = preSolution
		HideSolutionNode = FALSE
	EndGlobalSection
	GlobalSection(ExtensibilityGlobals) = postSolution
		SolutionGuid = {BCD456FC-2936-43AD-B13C-73CBB0A16053}
	EndGlobalSection
EndGlobal
