
Microsoft Visual Studio Solution File, Format Version 12.00
# Visual Studio Version 17
VisualStudioVersion = 17.13.35825.156 d17.13
MinimumVisualStudioVersion = 10.0.40219.1
Project("{FAE04EC0-301F-11D3-BF4B-00C04F79EFBC}") = "Homework4", "Homework4\Homework4.csproj", "{AB392AEA-43A9-4AEC-9D56-14F50F8B6FB6}"
EndProject
Global
	GlobalSection(SolutionConfigurationPlatforms) = preSolution
		Debug|Any CPU = Debug|Any CPU
		Release|Any CPU = Release|Any CPU
	EndGlobalSection
	GlobalSection(ProjectConfigurationPlatforms) = postSolution
		{AB392AEA-43A9-4AEC-9D56-14F50F8B6FB6}.Debug|Any CPU.ActiveCfg = Debug|Any CPU
		{AB392AEA-43A9-4AEC-9D56-14F50F8B6FB6}.Debug|Any CPU.Build.0 = Debug|Any CPU
		{AB392AEA-43A9-4AEC-9D56-14F50F8B6FB6}.Release|Any CPU.ActiveCfg = Release|Any CPU
		{AB392AEA-43A9-4AEC-9D56-14F50F8B6FB6}.Release|Any CPU.Build.0 = Release|Any CPU
	EndGlobalSection
	GlobalSection(SolutionProperties) = preSolution
		HideSolutionNode = FALSE
	EndGlobalSection
	GlobalSection(ExtensibilityGlobals) = postSolution
		SolutionGuid = {914F9D13-136D-4059-B63E-539D78DD8554}
	EndGlobalSection
EndGlobal
