
Microsoft Visual Studio Solution File, Format Version 12.00
# Visual Studio Version 17
VisualStudioVersion = 17.13.35825.156 d17.13
MinimumVisualStudioVersion = 10.0.40219.1
Project("{FAE04EC0-301F-11D3-BF4B-00C04F79EFBC}") = "ProductListMVC", "ProductListMVC\ProductListMVC.csproj", "{73923C48-F0EE-49ED-945A-BD28B5D01ABE}"
EndProject
Global
	GlobalSection(SolutionConfigurationPlatforms) = preSolution
		Debug|Any CPU = Debug|Any CPU
		Release|Any CPU = Release|Any CPU
	EndGlobalSection
	GlobalSection(ProjectConfigurationPlatforms) = postSolution
		{73923C48-F0EE-49ED-945A-BD28B5D01ABE}.Debug|Any CPU.ActiveCfg = Debug|Any CPU
		{73923C48-F0EE-49ED-945A-BD28B5D01ABE}.Debug|Any CPU.Build.0 = Debug|Any CPU
		{73923C48-F0EE-49ED-945A-BD28B5D01ABE}.Release|Any CPU.ActiveCfg = Release|Any CPU
		{73923C48-F0EE-49ED-945A-BD28B5D01ABE}.Release|Any CPU.Build.0 = Release|Any CPU
	EndGlobalSection
	GlobalSection(SolutionProperties) = preSolution
		HideSolutionNode = FALSE
	EndGlobalSection
	GlobalSection(ExtensibilityGlobals) = postSolution
		SolutionGuid = {416D588F-CABC-41E2-897A-B9F8358D77F9}
	EndGlobalSection
EndGlobal
